
Microsoft Visual Studio Solution File, Format Version 12.00
# Visual Studio Version 17
VisualStudioVersion = 17.0.32112.339
MinimumVisualStudioVersion = 10.0.40219.1
Project("{FAE04EC0-301F-11D3-BF4B-00C04F79EFBC}") = "Tutorials", "Tutorials.csproj", "{B85854CB-3F29-43D8-B573-A905E8125117}"
EndProject
Project("{FAE04EC0-301F-11D3-BF4B-00C04F79EFBC}") = "DAL_Tutorial", "..\DAL_Tutorial\DAL_Tutorial.csproj", "{E8F0E6E7-A6E1-4F8C-BDD3-2218C31A7589}"
EndProject
Project("{FAE04EC0-301F-11D3-BF4B-00C04F79EFBC}") = "BAL_Tutorial", "..\BAL_Tutorial\BAL_Tutorial.csproj", "{BD1B1A4A-5D2A-4914-ADAE-48DFFEBD86C8}"
EndProject
Global
	GlobalSection(SolutionConfigurationPlatforms) = preSolution
		Debug|Any CPU = Debug|Any CPU
		Release|Any CPU = Release|Any CPU
	EndGlobalSection
	GlobalSection(ProjectConfigurationPlatforms) = postSolution
		{B85854CB-3F29-43D8-B573-A905E8125117}.Debug|Any CPU.ActiveCfg = Debug|Any CPU
		{B85854CB-3F29-43D8-B573-A905E8125117}.Debug|Any CPU.Build.0 = Debug|Any CPU
		{B85854CB-3F29-43D8-B573-A905E8125117}.Release|Any CPU.ActiveCfg = Release|Any CPU
		{B85854CB-3F29-43D8-B573-A905E8125117}.Release|Any CPU.Build.0 = Release|Any CPU
		{E8F0E6E7-A6E1-4F8C-BDD3-2218C31A7589}.Debug|Any CPU.ActiveCfg = Debug|Any CPU
		{E8F0E6E7-A6E1-4F8C-BDD3-2218C31A7589}.Debug|Any CPU.Build.0 = Debug|Any CPU
		{E8F0E6E7-A6E1-4F8C-BDD3-2218C31A7589}.Release|Any CPU.ActiveCfg = Release|Any CPU
		{E8F0E6E7-A6E1-4F8C-BDD3-2218C31A7589}.Release|Any CPU.Build.0 = Release|Any CPU
		{BD1B1A4A-5D2A-4914-ADAE-48DFFEBD86C8}.Debug|Any CPU.ActiveCfg = Debug|Any CPU
		{BD1B1A4A-5D2A-4914-ADAE-48DFFEBD86C8}.Debug|Any CPU.Build.0 = Debug|Any CPU
		{BD1B1A4A-5D2A-4914-ADAE-48DFFEBD86C8}.Release|Any CPU.ActiveCfg = Release|Any CPU
		{BD1B1A4A-5D2A-4914-ADAE-48DFFEBD86C8}.Release|Any CPU.Build.0 = Release|Any CPU
	EndGlobalSection
	GlobalSection(SolutionProperties) = preSolution
		HideSolutionNode = FALSE
	EndGlobalSection
	GlobalSection(ExtensibilityGlobals) = postSolution
		SolutionGuid = {4DD88D34-1B17-45DC-A3A5-04440B80087D}
	EndGlobalSection
EndGlobal
